
Microsoft Visual Studio Solution File, Format Version 12.00
# Visual Studio Version 17
VisualStudioVersion = 17.8.34316.72
MinimumVisualStudioVersion = 10.0.40219.1
Project("{FAE04EC0-301F-11D3-BF4B-00C04F79EFBC}") = "TransportInfo", "TransportInfo\TransportInfo.csproj", "{C2CD6D63-0B50-4068-8D3E-4B1D929F46BB}"
EndProject
Project("{FAE04EC0-301F-11D3-BF4B-00C04F79EFBC}") = "Commons", "..\Commons\Commons.csproj", "{A1075A04-70A6-4D20-B0C9-A2DC8B43F9E3}"
EndProject
Project("{FAE04EC0-301F-11D3-BF4B-00C04F79EFBC}") = "Model", "..\Model\Model.csproj", "{A5C417D5-6F82-4694-9147-096B118FC01D}"
EndProject
Project("{FAE04EC0-301F-11D3-BF4B-00C04F79EFBC}") = "Presenter", "..\Presenter\Presenter.csproj", "{67A3B485-9937-424B-BB48-A33E40C8D956}"
EndProject
Project("{FAE04EC0-301F-11D3-BF4B-00C04F79EFBC}") = "View", "..\View\View.csproj", "{FF9FE07E-1C73-44F6-9686-C0F2698337DE}"
EndProject
Global
	GlobalSection(SolutionConfigurationPlatforms) = preSolution
		Debug|Any CPU = Debug|Any CPU
		Release|Any CPU = Release|Any CPU
	EndGlobalSection
	GlobalSection(ProjectConfigurationPlatforms) = postSolution
		{C2CD6D63-0B50-4068-8D3E-4B1D929F46BB}.Debug|Any CPU.ActiveCfg = Debug|Any CPU
		{C2CD6D63-0B50-4068-8D3E-4B1D929F46BB}.Debug|Any CPU.Build.0 = Debug|Any CPU
		{C2CD6D63-0B50-4068-8D3E-4B1D929F46BB}.Release|Any CPU.ActiveCfg = Release|Any CPU
		{C2CD6D63-0B50-4068-8D3E-4B1D929F46BB}.Release|Any CPU.Build.0 = Release|Any CPU
		{A1075A04-70A6-4D20-B0C9-A2DC8B43F9E3}.Debug|Any CPU.ActiveCfg = Debug|Any CPU
		{A1075A04-70A6-4D20-B0C9-A2DC8B43F9E3}.Debug|Any CPU.Build.0 = Debug|Any CPU
		{A1075A04-70A6-4D20-B0C9-A2DC8B43F9E3}.Release|Any CPU.ActiveCfg = Release|Any CPU
		{A1075A04-70A6-4D20-B0C9-A2DC8B43F9E3}.Release|Any CPU.Build.0 = Release|Any CPU
		{A5C417D5-6F82-4694-9147-096B118FC01D}.Debug|Any CPU.ActiveCfg = Debug|Any CPU
		{A5C417D5-6F82-4694-9147-096B118FC01D}.Debug|Any CPU.Build.0 = Debug|Any CPU
		{A5C417D5-6F82-4694-9147-096B118FC01D}.Release|Any CPU.ActiveCfg = Release|Any CPU
		{A5C417D5-6F82-4694-9147-096B118FC01D}.Release|Any CPU.Build.0 = Release|Any CPU
		{67A3B485-9937-424B-BB48-A33E40C8D956}.Debug|Any CPU.ActiveCfg = Debug|Any CPU
		{67A3B485-9937-424B-BB48-A33E40C8D956}.Debug|Any CPU.Build.0 = Debug|Any CPU
		{67A3B485-9937-424B-BB48-A33E40C8D956}.Release|Any CPU.ActiveCfg = Release|Any CPU
		{67A3B485-9937-424B-BB48-A33E40C8D956}.Release|Any CPU.Build.0 = Release|Any CPU
		{FF9FE07E-1C73-44F6-9686-C0F2698337DE}.Debug|Any CPU.ActiveCfg = Debug|Any CPU
		{FF9FE07E-1C73-44F6-9686-C0F2698337DE}.Debug|Any CPU.Build.0 = Debug|Any CPU
		{FF9FE07E-1C73-44F6-9686-C0F2698337DE}.Release|Any CPU.ActiveCfg = Release|Any CPU
		{FF9FE07E-1C73-44F6-9686-C0F2698337DE}.Release|Any CPU.Build.0 = Release|Any CPU
	EndGlobalSection
	GlobalSection(SolutionProperties) = preSolution
		HideSolutionNode = FALSE
	EndGlobalSection
	GlobalSection(ExtensibilityGlobals) = postSolution
		SolutionGuid = {15B9344E-3335-4ECB-B598-F9670C8E205D}
	EndGlobalSection
EndGlobal
